// !$*UTF8*$!
{
	archiveVersion = 1;
	classes = {
	};
	objectVersion = 46;
	objects = {

/* Begin PBXBuildFile section */
		A7EDD3E019A98A22008197F7 /* Foundation.framework in Frameworks */ = {isa = PBXBuildFile; fileRef = A7EDD3DF19A98A22008197F7 /* Foundation.framework */; };
		A7EDD3E219A98A22008197F7 /* CoreGraphics.framework in Frameworks */ = {isa = PBXBuildFile; fileRef = A7EDD3E119A98A22008197F7 /* CoreGraphics.framework */; };
		A7EDD3E419A98A22008197F7 /* UIKit.framework in Frameworks */ = {isa = PBXBuildFile; fileRef = A7EDD3E319A98A22008197F7 /* UIKit.framework */; };
		A7EDD3E619A98A22008197F7 /* CoreData.framework in Frameworks */ = {isa = PBXBuildFile; fileRef = A7EDD3E519A98A22008197F7 /* CoreData.framework */; };
		A7EDD3EC19A98A22008197F7 /* InfoPlist.strings in Resources */ = {isa = PBXBuildFile; fileRef = A7EDD3EA19A98A22008197F7 /* InfoPlist.strings */; };
		A7EDD3EE19A98A22008197F7 /* main.m in Sources */ = {isa = PBXBuildFile; fileRef = A7EDD3ED19A98A22008197F7 /* main.m */; };
		A7EDD3F219A98A22008197F7 /* AppDelegate.m in Sources */ = {isa = PBXBuildFile; fileRef = A7EDD3F119A98A22008197F7 /* AppDelegate.m */; };
		A7EDD3F519A98A22008197F7 /* Locations.xcdatamodeld in Sources */ = {isa = PBXBuildFile; fileRef = A7EDD3F319A98A22008197F7 /* Locations.xcdatamodeld */; };
		A7EDD3F719A98A22008197F7 /* Images.xcassets in Resources */ = {isa = PBXBuildFile; fileRef = A7EDD3F619A98A22008197F7 /* Images.xcassets */; };
		A7EDD3FE19A98A22008197F7 /* XCTest.framework in Frameworks */ = {isa = PBXBuildFile; fileRef = A7EDD3FD19A98A22008197F7 /* XCTest.framework */; };
		A7EDD3FF19A98A22008197F7 /* Foundation.framework in Frameworks */ = {isa = PBXBuildFile; fileRef = A7EDD3DF19A98A22008197F7 /* Foundation.framework */; };
		A7EDD40019A98A22008197F7 /* UIKit.framework in Frameworks */ = {isa = PBXBuildFile; fileRef = A7EDD3E319A98A22008197F7 /* UIKit.framework */; };
		A7EDD40119A98A22008197F7 /* CoreData.framework in Frameworks */ = {isa = PBXBuildFile; fileRef = A7EDD3E519A98A22008197F7 /* CoreData.framework */; };
		A7EDD40919A98A22008197F7 /* InfoPlist.strings in Resources */ = {isa = PBXBuildFile; fileRef = A7EDD40719A98A22008197F7 /* InfoPlist.strings */; };
		A7EDD40B19A98A22008197F7 /* LocationsTests.m in Sources */ = {isa = PBXBuildFile; fileRef = A7EDD40A19A98A22008197F7 /* LocationsTests.m */; };
		A7EDD41519A98A30008197F7 /* CoreLocation.framework in Frameworks */ = {isa = PBXBuildFile; fileRef = A7EDD41419A98A30008197F7 /* CoreLocation.framework */; };
		A7EDD41819A98DAD008197F7 /* RootViewController.m in Sources */ = {isa = PBXBuildFile; fileRef = A7EDD41719A98DAD008197F7 /* RootViewController.m */; };
		A7EDD41B19A9998F008197F7 /* Event.m in Sources */ = {isa = PBXBuildFile; fileRef = A7EDD41A19A9998F008197F7 /* Event.m */; };
/* End PBXBuildFile section */

/* Begin PBXContainerItemProxy section */
		A7EDD40219A98A22008197F7 /* PBXContainerItemProxy */ = {
			isa = PBXContainerItemProxy;
			containerPortal = A7EDD3D419A98A22008197F7 /* Project object */;
			proxyType = 1;
			remoteGlobalIDString = A7EDD3DB19A98A22008197F7;
			remoteInfo = Locations;
		};
/* End PBXContainerItemProxy section */

/* Begin PBXFileReference section */
		A7EDD3DC19A98A22008197F7 /* Locations.app */ = {isa = PBXFileReference; explicitFileType = wrapper.application; includeInIndex = 0; path = Locations.app; sourceTree = BUILT_PRODUCTS_DIR; };
		A7EDD3DF19A98A22008197F7 /* Foundation.framework */ = {isa = PBXFileReference; lastKnownFileType = wrapper.framework; name = Foundation.framework; path = System/Library/Frameworks/Foundation.framework; sourceTree = SDKROOT; };
		A7EDD3E119A98A22008197F7 /* CoreGraphics.framework */ = {isa = PBXFileReference; lastKnownFileType = wrapper.framework; name = CoreGraphics.framework; path = System/Library/Frameworks/CoreGraphics.framework; sourceTree = SDKROOT; };
		A7EDD3E319A98A22008197F7 /* UIKit.framework */ = {isa = PBXFileReference; lastKnownFileType = wrapper.framework; name = UIKit.framework; path = System/Library/Frameworks/UIKit.framework; sourceTree = SDKROOT; };
		A7EDD3E519A98A22008197F7 /* CoreData.framework */ = {isa = PBXFileReference; lastKnownFileType = wrapper.framework; name = CoreData.framework; path = System/Library/Frameworks/CoreData.framework; sourceTree = SDKROOT; };
		A7EDD3E919A98A22008197F7 /* Locations-Info.plist */ = {isa = PBXFileReference; lastKnownFileType = text.plist.xml; path = "Locations-Info.plist"; sourceTree = "<group>"; };
		A7EDD3EB19A98A22008197F7 /* en */ = {isa = PBXFileReference; lastKnownFileType = text.plist.strings; name = en; path = en.lproj/InfoPlist.strings; sourceTree = "<group>"; };
		A7EDD3ED19A98A22008197F7 /* main.m */ = {isa = PBXFileReference; lastKnownFileType = sourcecode.c.objc; path = main.m; sourceTree = "<group>"; };
		A7EDD3EF19A98A22008197F7 /* Locations-Prefix.pch */ = {isa = PBXFileReference; lastKnownFileType = sourcecode.c.h; path = "Locations-Prefix.pch"; sourceTree = "<group>"; };
		A7EDD3F019A98A22008197F7 /* AppDelegate.h */ = {isa = PBXFileReference; lastKnownFileType = sourcecode.c.h; path = AppDelegate.h; sourceTree = "<group>"; };
		A7EDD3F119A98A22008197F7 /* AppDelegate.m */ = {isa = PBXFileReference; lastKnownFileType = sourcecode.c.objc; path = AppDelegate.m; sourceTree = "<group>"; };
		A7EDD3F419A98A22008197F7 /* Locations.xcdatamodel */ = {isa = PBXFileReference; lastKnownFileType = wrapper.xcdatamodel; path = Locations.xcdatamodel; sourceTree = "<group>"; };
		A7EDD3F619A98A22008197F7 /* Images.xcassets */ = {isa = PBXFileReference; lastKnownFileType = folder.assetcatalog; path = Images.xcassets; sourceTree = "<group>"; };
		A7EDD3FC19A98A22008197F7 /* LocationsTests.xctest */ = {isa = PBXFileReference; explicitFileType = wrapper.cfbundle; includeInIndex = 0; path = LocationsTests.xctest; sourceTree = BUILT_PRODUCTS_DIR; };
		A7EDD3FD19A98A22008197F7 /* XCTest.framework */ = {isa = PBXFileReference; lastKnownFileType = wrapper.framework; name = XCTest.framework; path = Library/Frameworks/XCTest.framework; sourceTree = DEVELOPER_DIR; };
		A7EDD40619A98A22008197F7 /* LocationsTests-Info.plist */ = {isa = PBXFileReference; lastKnownFileType = text.plist.xml; path = "LocationsTests-Info.plist"; sourceTree = "<group>"; };
		A7EDD40819A98A22008197F7 /* en */ = {isa = PBXFileReference; lastKnownFileType = text.plist.strings; name = en; path = en.lproj/InfoPlist.strings; sourceTree = "<group>"; };
		A7EDD40A19A98A22008197F7 /* LocationsTests.m */ = {isa = PBXFileReference; lastKnownFileType = sourcecode.c.objc; path = LocationsTests.m; sourceTree = "<group>"; };
		A7EDD41419A98A30008197F7 /* CoreLocation.framework */ = {isa = PBXFileReference; lastKnownFileType = wrapper.framework; name = CoreLocation.framework; path = System/Library/Frameworks/CoreLocation.framework; sourceTree = SDKROOT; };
		A7EDD41619A98DAD008197F7 /* RootViewController.h */ = {isa = PBXFileReference; fileEncoding = 4; lastKnownFileType = sourcecode.c.h; path = RootViewController.h; sourceTree = "<group>"; };
		A7EDD41719A98DAD008197F7 /* RootViewController.m */ = {isa = PBXFileReference; fileEncoding = 4; lastKnownFileType = sourcecode.c.objc; path = RootViewController.m; sourceTree = "<group>"; };
		A7EDD41919A9998F008197F7 /* Event.h */ = {isa = PBXFileReference; fileEncoding = 4; lastKnownFileType = sourcecode.c.h; path = Event.h; sourceTree = "<group>"; };
		A7EDD41A19A9998F008197F7 /* Event.m */ = {isa = PBXFileReference; fileEncoding = 4; lastKnownFileType = sourcecode.c.objc; path = Event.m; sourceTree = "<group>"; };
		A7EDD41C19AA05C0008197F7 /* Locations 2.xcdatamodel */ = {isa = PBXFileReference; lastKnownFileType = wrapper.xcdatamodel; path = "Locations 2.xcdatamodel"; sourceTree = "<group>"; };
/* End PBXFileReference section */

/* Begin PBXFrameworksBuildPhase section */
		A7EDD3D919A98A22008197F7 /* Frameworks */ = {
			isa = PBXFrameworksBuildPhase;
			buildActionMask = 2147483647;
			files = (
				A7EDD41519A98A30008197F7 /* CoreLocation.framework in Frameworks */,
				A7EDD3E219A98A22008197F7 /* CoreGraphics.framework in Frameworks */,
				A7EDD3E619A98A22008197F7 /* CoreData.framework in Frameworks */,
				A7EDD3E419A98A22008197F7 /* UIKit.framework in Frameworks */,
				A7EDD3E019A98A22008197F7 /* Foundation.framework in Frameworks */,
			);
			runOnlyForDeploymentPostprocessing = 0;
		};
		A7EDD3F919A98A22008197F7 /* Frameworks */ = {
			isa = PBXFrameworksBuildPhase;
			buildActionMask = 2147483647;
			files = (
				A7EDD3FE19A98A22008197F7 /* XCTest.framework in Frameworks */,
				A7EDD40119A98A22008197F7 /* CoreData.framework in Frameworks */,
				A7EDD40019A98A22008197F7 /* UIKit.framework in Frameworks */,
				A7EDD3FF19A98A22008197F7 /* Foundation.framework in Frameworks */,
			);
			runOnlyForDeploymentPostprocessing = 0;
		};
/* End PBXFrameworksBuildPhase section */

/* Begin PBXGroup section */
		A7EDD3D319A98A22008197F7 = {
			isa = PBXGroup;
			children = (
				A7EDD3E719A98A22008197F7 /* Locations */,
				A7EDD40419A98A22008197F7 /* LocationsTests */,
				A7EDD3DE19A98A22008197F7 /* Frameworks */,
				A7EDD3DD19A98A22008197F7 /* Products */,
			);
			sourceTree = "<group>";
		};
		A7EDD3DD19A98A22008197F7 /* Products */ = {
			isa = PBXGroup;
			children = (
				A7EDD3DC19A98A22008197F7 /* Locations.app */,
				A7EDD3FC19A98A22008197F7 /* LocationsTests.xctest */,
			);
			name = Products;
			sourceTree = "<group>";
		};
		A7EDD3DE19A98A22008197F7 /* Frameworks */ = {
			isa = PBXGroup;
			children = (
				A7EDD41419A98A30008197F7 /* CoreLocation.framework */,
				A7EDD3DF19A98A22008197F7 /* Foundation.framework */,
				A7EDD3E119A98A22008197F7 /* CoreGraphics.framework */,
				A7EDD3E319A98A22008197F7 /* UIKit.framework */,
				A7EDD3E519A98A22008197F7 /* CoreData.framework */,
				A7EDD3FD19A98A22008197F7 /* XCTest.framework */,
			);
			name = Frameworks;
			sourceTree = "<group>";
		};
		A7EDD3E719A98A22008197F7 /* Locations */ = {
			isa = PBXGroup;
			children = (
				A7EDD3F019A98A22008197F7 /* AppDelegate.h */,
				A7EDD3F119A98A22008197F7 /* AppDelegate.m */,
				A7EDD41619A98DAD008197F7 /* RootViewController.h */,
				A7EDD41719A98DAD008197F7 /* RootViewController.m */,
				A7EDD3F619A98A22008197F7 /* Images.xcassets */,
				A7EDD3F319A98A22008197F7 /* Locations.xcdatamodeld */,
				A7EDD41919A9998F008197F7 /* Event.h */,
				A7EDD41A19A9998F008197F7 /* Event.m */,
				A7EDD3E819A98A22008197F7 /* Supporting Files */,
			);
			path = Locations;
			sourceTree = "<group>";
		};
		A7EDD3E819A98A22008197F7 /* Supporting Files */ = {
			isa = PBXGroup;
			children = (
				A7EDD3E919A98A22008197F7 /* Locations-Info.plist */,
				A7EDD3EA19A98A22008197F7 /* InfoPlist.strings */,
				A7EDD3ED19A98A22008197F7 /* main.m */,
				A7EDD3EF19A98A22008197F7 /* Locations-Prefix.pch */,
			);
			name = "Supporting Files";
			sourceTree = "<group>";
		};
		A7EDD40419A98A22008197F7 /* LocationsTests */ = {
			isa = PBXGroup;
			children = (
				A7EDD40A19A98A22008197F7 /* LocationsTests.m */,
				A7EDD40519A98A22008197F7 /* Supporting Files */,
			);
			path = LocationsTests;
			sourceTree = "<group>";
		};
		A7EDD40519A98A22008197F7 /* Supporting Files */ = {
			isa = PBXGroup;
			children = (
				A7EDD40619A98A22008197F7 /* LocationsTests-Info.plist */,
				A7EDD40719A98A22008197F7 /* InfoPlist.strings */,
			);
			name = "Supporting Files";
			sourceTree = "<group>";
		};
/* End PBXGroup section */

/* Begin PBXNativeTarget section */
		A7EDD3DB19A98A22008197F7 /* Locations */ = {
			isa = PBXNativeTarget;
			buildConfigurationList = A7EDD40E19A98A22008197F7 /* Build configuration list for PBXNativeTarget "Locations" */;
			buildPhases = (
				A7EDD3D819A98A22008197F7 /* Sources */,
				A7EDD3D919A98A22008197F7 /* Frameworks */,
				A7EDD3DA19A98A22008197F7 /* Resources */,
			);
			buildRules = (
			);
			dependencies = (
			);
			name = Locations;
			productName = Locations;
			productReference = A7EDD3DC19A98A22008197F7 /* Locations.app */;
			productType = "com.apple.product-type.application";
		};
		A7EDD3FB19A98A22008197F7 /* LocationsTests */ = {
			isa = PBXNativeTarget;
			buildConfigurationList = A7EDD41119A98A22008197F7 /* Build configuration list for PBXNativeTarget "LocationsTests" */;
			buildPhases = (
				A7EDD3F819A98A22008197F7 /* Sources */,
				A7EDD3F919A98A22008197F7 /* Frameworks */,
				A7EDD3FA19A98A22008197F7 /* Resources */,
			);
			buildRules = (
			);
			dependencies = (
				A7EDD40319A98A22008197F7 /* PBXTargetDependency */,
			);
			name = LocationsTests;
			productName = LocationsTests;
			productReference = A7EDD3FC19A98A22008197F7 /* LocationsTests.xctest */;
			productType = "com.apple.product-type.bundle.unit-test";
		};
/* End PBXNativeTarget section */

/* Begin PBXProject section */
		A7EDD3D419A98A22008197F7 /* Project object */ = {
			isa = PBXProject;
			attributes = {
				LastUpgradeCheck = 0510;
				ORGANIZATIONNAME = "石井賢二";
				TargetAttributes = {
					A7EDD3FB19A98A22008197F7 = {
						TestTargetID = A7EDD3DB19A98A22008197F7;
					};
				};
			};
			buildConfigurationList = A7EDD3D719A98A22008197F7 /* Build configuration list for PBXProject "Locations" */;
			compatibilityVersion = "Xcode 3.2";
			developmentRegion = English;
			hasScannedForEncodings = 0;
			knownRegions = (
				en,
			);
			mainGroup = A7EDD3D319A98A22008197F7;
			productRefGroup = A7EDD3DD19A98A22008197F7 /* Products */;
			projectDirPath = "";
			projectRoot = "";
			targets = (
				A7EDD3DB19A98A22008197F7 /* Locations */,
				A7EDD3FB19A98A22008197F7 /* LocationsTests */,
			);
		};
/* End PBXProject section */

/* Begin PBXResourcesBuildPhase section */
		A7EDD3DA19A98A22008197F7 /* Resources */ = {
			isa = PBXResourcesBuildPhase;
			buildActionMask = 2147483647;
			files = (
				A7EDD3EC19A98A22008197F7 /* InfoPlist.strings in Resources */,
				A7EDD3F719A98A22008197F7 /* Images.xcassets in Resources */,
			);
			runOnlyForDeploymentPostprocessing = 0;
		};
		A7EDD3FA19A98A22008197F7 /* Resources */ = {
			isa = PBXResourcesBuildPhase;
			buildActionMask = 2147483647;
			files = (
				A7EDD40919A98A22008197F7 /* InfoPlist.strings in Resources */,
			);
			runOnlyForDeploymentPostprocessing = 0;
		};
/* End PBXResourcesBuildPhase section */

/* Begin PBXSourcesBuildPhase section */
		A7EDD3D819A98A22008197F7 /* Sources */ = {
			isa = PBXSourcesBuildPhase;
			buildActionMask = 2147483647;
			files = (
				A7EDD3F219A98A22008197F7 /* AppDelegate.m in Sources */,
				A7EDD3F519A98A22008197F7 /* Locations.xcdatamodeld in Sources */,
				A7EDD41B19A9998F008197F7 /* Event.m in Sources */,
				A7EDD41819A98DAD008197F7 /* RootViewController.m in Sources */,
				A7EDD3EE19A98A22008197F7 /* main.m in Sources */,
			);
			runOnlyForDeploymentPostprocessing = 0;
		};
		A7EDD3F819A98A22008197F7 /* Sources */ = {
			isa = PBXSourcesBuildPhase;
			buildActionMask = 2147483647;
			files = (
				A7EDD40B19A98A22008197F7 /* LocationsTests.m in Sources */,
			);
			runOnlyForDeploymentPostprocessing = 0;
		};
/* End PBXSourcesBuildPhase section */

/* Begin PBXTargetDependency section */
		A7EDD40319A98A22008197F7 /* PBXTargetDependency */ = {
			isa = PBXTargetDependency;
			target = A7EDD3DB19A98A22008197F7 /* Locations */;
			targetProxy = A7EDD40219A98A22008197F7 /* PBXContainerItemProxy */;
		};
/* End PBXTargetDependency section */

/* Begin PBXVariantGroup section */
		A7EDD3EA19A98A22008197F7 /* InfoPlist.strings */ = {
			isa = PBXVariantGroup;
			children = (
				A7EDD3EB19A98A22008197F7 /* en */,
			);
			name = InfoPlist.strings;
			sourceTree = "<group>";
		};
		A7EDD40719A98A22008197F7 /* InfoPlist.strings */ = {
			isa = PBXVariantGroup;
			children = (
				A7EDD40819A98A22008197F7 /* en */,
			);
			name = InfoPlist.strings;
			sourceTree = "<group>";
		};
/* End PBXVariantGroup section */

/* Begin XCBuildConfiguration section */
		A7EDD40C19A98A22008197F7 /* Debug */ = {
			isa = XCBuildConfiguration;
			buildSettings = {
				ALWAYS_SEARCH_USER_PATHS = NO;
				CLANG_CXX_LANGUAGE_STANDARD = "gnu++0x";
				CLANG_CXX_LIBRARY = "libc++";
				CLANG_ENABLE_MODULES = YES;
				CLANG_ENABLE_OBJC_ARC = YES;
				CLANG_WARN_BOOL_CONVERSION = YES;
				CLANG_WARN_CONSTANT_CONVERSION = YES;
				CLANG_WARN_DIRECT_OBJC_ISA_USAGE = YES_ERROR;
				CLANG_WARN_EMPTY_BODY = YES;
				CLANG_WARN_ENUM_CONVERSION = YES;
				CLANG_WARN_INT_CONVERSION = YES;
				CLANG_WARN_OBJC_ROOT_CLASS = YES_ERROR;
				CLANG_WARN__DUPLICATE_METHOD_MATCH = YES;
				"CODE_SIGN_IDENTITY[sdk=iphoneos*]" = "iPhone Developer";
				COPY_PHASE_STRIP = NO;
				GCC_C_LANGUAGE_STANDARD = gnu99;
				GCC_DYNAMIC_NO_PIC = NO;
				GCC_OPTIMIZATION_LEVEL = 0;
				GCC_PREPROCESSOR_DEFINITIONS = (
					"DEBUG=1",
					"$(inherited)",
				);
				GCC_SYMBOLS_PRIVATE_EXTERN = NO;
				GCC_WARN_64_TO_32_BIT_CONVERSION = YES;
				GCC_WARN_ABOUT_RETURN_TYPE = YES_ERROR;
				GCC_WARN_UNDECLARED_SELECTOR = YES;
				GCC_WARN_UNINITIALIZED_AUTOS = YES_AGGRESSIVE;
				GCC_WARN_UNUSED_FUNCTION = YES;
				GCC_WARN_UNUSED_VARIABLE = YES;
				IPHONEOS_DEPLOYMENT_TARGET = 7.1;
				ONLY_ACTIVE_ARCH = YES;
				SDKROOT = iphoneos;
			};
			name = Debug;
		};
		A7EDD40D19A98A22008197F7 /* Release */ = {
			isa = XCBuildConfiguration;
			buildSettings = {
				ALWAYS_SEARCH_USER_PATHS = NO;
				CLANG_CXX_LANGUAGE_STANDARD = "gnu++0x";
				CLANG_CXX_LIBRARY = "libc++";
				CLANG_ENABLE_MODULES = YES;
				CLANG_ENABLE_OBJC_ARC = YES;
				CLANG_WARN_BOOL_CONVERSION = YES;
				CLANG_WARN_CONSTANT_CONVERSION = YES;
				CLANG_WARN_DIRECT_OBJC_ISA_USAGE = YES_ERROR;
				CLANG_WARN_EMPTY_BODY = YES;
				CLANG_WARN_ENUM_CONVERSION = YES;
				CLANG_WARN_INT_CONVERSION = YES;
				CLANG_WARN_OBJC_ROOT_CLASS = YES_ERROR;
				CLANG_WARN__DUPLICATE_METHOD_MATCH = YES;
				"CODE_SIGN_IDENTITY[sdk=iphoneos*]" = "iPhone Developer";
				COPY_PHASE_STRIP = YES;
				ENABLE_NS_ASSERTIONS = NO;
				GCC_C_LANGUAGE_STANDARD = gnu99;
				GCC_WARN_64_TO_32_BIT_CONVERSION = YES;
				GCC_WARN_ABOUT_RETURN_TYPE = YES_ERROR;
				GCC_WARN_UNDECLARED_SELECTOR = YES;
				GCC_WARN_UNINITIALIZED_AUTOS = YES_AGGRESSIVE;
				GCC_WARN_UNUSED_FUNCTION = YES;
				GCC_WARN_UNUSED_VARIABLE = YES;
				IPHONEOS_DEPLOYMENT_TARGET = 7.1;
				SDKROOT = iphoneos;
				VALIDATE_PRODUCT = YES;
			};
			name = Release;
		};
		A7EDD40F19A98A22008197F7 /* Debug */ = {
			isa = XCBuildConfiguration;
			buildSettings = {
				ASSETCATALOG_COMPILER_APPICON_NAME = AppIcon;
				ASSETCATALOG_COMPILER_LAUNCHIMAGE_NAME = LaunchImage;
				GCC_PRECOMPILE_PREFIX_HEADER = YES;
				GCC_PREFIX_HEADER = "Locations/Locations-Prefix.pch";
				INFOPLIST_FILE = "Locations/Locations-Info.plist";
				PRODUCT_NAME = "$(TARGET_NAME)";
				WRAPPER_EXTENSION = app;
			};
			name = Debug;
		};
		A7EDD41019A98A22008197F7 /* Release */ = {
			isa = XCBuildConfiguration;
			buildSettings = {
				ASSETCATALOG_COMPILER_APPICON_NAME = AppIcon;
				ASSETCATALOG_COMPILER_LAUNCHIMAGE_NAME = LaunchImage;
				GCC_PRECOMPILE_PREFIX_HEADER = YES;
				GCC_PREFIX_HEADER = "Locations/Locations-Prefix.pch";
				INFOPLIST_FILE = "Locations/Locations-Info.plist";
				PRODUCT_NAME = "$(TARGET_NAME)";
				WRAPPER_EXTENSION = app;
			};
			name = Release;
		};
		A7EDD41219A98A22008197F7 /* Debug */ = {
			isa = XCBuildConfiguration;
			buildSettings = {
				BUNDLE_LOADER = "$(BUILT_PRODUCTS_DIR)/Locations.app/Locations";
				FRAMEWORK_SEARCH_PATHS = (
					"$(SDKROOT)/Developer/Library/Frameworks",
					"$(inherited)",
					"$(DEVELOPER_FRAMEWORKS_DIR)",
				);
				GCC_PRECOMPILE_PREFIX_HEADER = YES;
				GCC_PREFIX_HEADER = "Locations/Locations-Prefix.pch";
				GCC_PREPROCESSOR_DEFINITIONS = (
					"DEBUG=1",
					"$(inherited)",
				);
				INFOPLIST_FILE = "LocationsTests/LocationsTests-Info.plist";
				PRODUCT_NAME = "$(TARGET_NAME)";
				TEST_HOST = "$(BUNDLE_LOADER)";
				WRAPPER_EXTENSION = xctest;
			};
			name = Debug;
		};
		A7EDD41319A98A22008197F7 /* Release */ = {
			isa = XCBuildConfiguration;
			buildSettings = {
				BUNDLE_LOADER = "$(BUILT_PRODUCTS_DIR)/Locations.app/Locations";
				FRAMEWORK_SEARCH_PATHS = (
					"$(SDKROOT)/Developer/Library/Frameworks",
					"$(inherited)",
					"$(DEVELOPER_FRAMEWORKS_DIR)",
				);
				GCC_PRECOMPILE_PREFIX_HEADER = YES;
				GCC_PREFIX_HEADER = "Locations/Locations-Prefix.pch";
				INFOPLIST_FILE = "LocationsTests/LocationsTests-Info.plist";
				PRODUCT_NAME = "$(TARGET_NAME)";
				TEST_HOST = "$(BUNDLE_LOADER)";
				WRAPPER_EXTENSION = xctest;
			};
			name = Release;
		};
/* End XCBuildConfiguration section */

/* Begin XCConfigurationList section */
		A7EDD3D719A98A22008197F7 /* Build configuration list for PBXProject "Locations" */ = {
			isa = XCConfigurationList;
			buildConfigurations = (
				A7EDD40C19A98A22008197F7 /* Debug */,
				A7EDD40D19A98A22008197F7 /* Release */,
			);
			defaultConfigurationIsVisible = 0;
			defaultConfigurationName = Release;
		};
		A7EDD40E19A98A22008197F7 /* Build configuration list for PBXNativeTarget "Locations" */ = {
			isa = XCConfigurationList;
			buildConfigurations = (
				A7EDD40F19A98A22008197F7 /* Debug */,
				A7EDD41019A98A22008197F7 /* Release */,
			);
			defaultConfigurationIsVisible = 0;
		};
		A7EDD41119A98A22008197F7 /* Build configuration list for PBXNativeTarget "LocationsTests" */ = {
			isa = XCConfigurationList;
			buildConfigurations = (
				A7EDD41219A98A22008197F7 /* Debug */,
				A7EDD41319A98A22008197F7 /* Release */,
			);
			defaultConfigurationIsVisible = 0;
		};
/* End XCConfigurationList section */

/* Begin XCVersionGroup section */
		A7EDD3F319A98A22008197F7 /* Locations.xcdatamodeld */ = {
			isa = XCVersionGroup;
			children = (
				A7EDD41C19AA05C0008197F7 /* Locations 2.xcdatamodel */,
				A7EDD3F419A98A22008197F7 /* Locations.xcdatamodel */,
			);
			currentVersion = A7EDD3F419A98A22008197F7 /* Locations.xcdatamodel */;
			path = Locations.xcdatamodeld;
			sourceTree = "<group>";
			versionGroupType = wrapper.xcdatamodel;
		};
/* End XCVersionGroup section */
	};
	rootObject = A7EDD3D419A98A22008197F7 /* Project object */;
}
